<Solution>
  <Folder Name="/.github/" />
  <Folder Name="/.github/workflows/">
    <File Path=".github/workflows/ci.yml" />
  </Folder>
  <Folder Name="/docs/" />
  <Folder Name="/docs/adr/">
    <File Path="docs/adr/0001-corte-de-microservicios.md" />
    <File Path="docs/adr/0002-contratos-duplicados-por-servicio.md" />
    <File Path="docs/adr/0003-closedxml-sobre-epplus.md" />
    <File Path="docs/adr/0004-imagen-base-debian.md" />
  </Folder>
  <Folder Name="/docs/architecture/">
    <File Path="docs/architecture/arquitectura.md" />
  </Folder>
  <Folder Name="/infra/">
    <File Path="infra/provision.sh" />
    <File Path="infra/teardown.sh" />
  </Folder>
  <Folder Name="/Solution Items/">
    <File Path=".dockerignore" />
    <File Path=".env.local" />
    <File Path="Dockerfile" />
    <File Path="LICENSE" />
    <File Path="README.md" />
  </Folder>
  <Folder Name="/src/">
    <Project Path="src/FarmaLog.Ingesta/FarmaLog.Ingesta.csproj" />
    <Project Path="src/FarmaLog.Nucleo.Application/FarmaLog.Nucleo.Application.csproj" Id="776fcfa0-f1a1-4208-a72a-67079d7664fb" />
    <Project Path="src/FarmaLog.Nucleo.Domain/FarmaLog.Nucleo.Domain.csproj" />
    <Project Path="src/FarmaLog.Nucleo.Infrastructure/FarmaLog.Nucleo.Infrastructure.csproj" />
    <Project Path="src/FarmaLog.Nucleo.Worker/FarmaLog.Nucleo.Worker.csproj" />
    <Project Path="src/FarmaLog.Portal/FarmaLog.Portal.csproj" />
  </Folder>
  <Folder Name="/tests/">
    <Project Path="tests/FarmaLog.Ingesta.Tests/FarmaLog.Ingesta.Tests.csproj" />
    <Project Path="tests/FarmaLog.Nucleo.Application.Tests/FarmaLog.Nucleo.Application.Tests.csproj" Id="ab515468-375b-4108-9d2f-022393471d13" />
    <Project Path="tests/FarmaLog.Nucleo.Domain.Tests/FarmaLog.Nucleo.Domain.Tests.csproj" />
    <Project Path="tests/FarmaLog.Nucleo.Infrastructure.Tests/FarmaLog.Nucleo.Infrastructure.Tests.csproj" />
  </Folder>
</Solution>
